
Microsoft Visual Studio Solution File, Format Version 12.00
Project("{FAE04EC0-301F-11D3-BF4B-00C04F79EFBC}") = "Core", "Core\Core.csproj", "{5A8DA065-7009-47AC-8735-D6782AEB575E}"
EndProject
Project("{FAE04EC0-301F-11D3-BF4B-00C04F79EFBC}") = "Application", "Application\Application.csproj", "{DA4A84E1-1931-427D-84E4-3B08E59B10FE}"
EndProject
Project("{FAE04EC0-301F-11D3-BF4B-00C04F79EFBC}") = "WebApi", "WebApi\WebApi.csproj", "{08BCD255-AC87-4CE5-9261-30DB408FC04D}"
EndProject
Project("{FAE04EC0-301F-11D3-BF4B-00C04F79EFBC}") = "DapperRepositories.NpgSql", "DapperRepositories.NpgSql\DapperRepositories.NpgSql.csproj", "{175D0675-EB13-4EE8-A6D1-2351D7D1EBEE}"
EndProject
Project("{FAE04EC0-301F-11D3-BF4B-00C04F79EFBC}") = "RecipeManager.Tests", "RecipeManager.Tests\RecipeManager.Tests.csproj", "{5335FB0C-63E7-41E1-9C84-4EEDFE53CC27}"
EndProject
Global
	GlobalSection(SolutionConfigurationPlatforms) = preSolution
		Debug|Any CPU = Debug|Any CPU
		Release|Any CPU = Release|Any CPU
	EndGlobalSection
	GlobalSection(ProjectConfigurationPlatforms) = postSolution
		{5A8DA065-7009-47AC-8735-D6782AEB575E}.Debug|Any CPU.ActiveCfg = Debug|Any CPU
		{5A8DA065-7009-47AC-8735-D6782AEB575E}.Debug|Any CPU.Build.0 = Debug|Any CPU
		{5A8DA065-7009-47AC-8735-D6782AEB575E}.Release|Any CPU.ActiveCfg = Release|Any CPU
		{5A8DA065-7009-47AC-8735-D6782AEB575E}.Release|Any CPU.Build.0 = Release|Any CPU
		{DA4A84E1-1931-427D-84E4-3B08E59B10FE}.Debug|Any CPU.ActiveCfg = Debug|Any CPU
		{DA4A84E1-1931-427D-84E4-3B08E59B10FE}.Debug|Any CPU.Build.0 = Debug|Any CPU
		{DA4A84E1-1931-427D-84E4-3B08E59B10FE}.Release|Any CPU.ActiveCfg = Release|Any CPU
		{DA4A84E1-1931-427D-84E4-3B08E59B10FE}.Release|Any CPU.Build.0 = Release|Any CPU
		{08BCD255-AC87-4CE5-9261-30DB408FC04D}.Debug|Any CPU.ActiveCfg = Debug|Any CPU
		{08BCD255-AC87-4CE5-9261-30DB408FC04D}.Debug|Any CPU.Build.0 = Debug|Any CPU
		{08BCD255-AC87-4CE5-9261-30DB408FC04D}.Release|Any CPU.ActiveCfg = Release|Any CPU
		{08BCD255-AC87-4CE5-9261-30DB408FC04D}.Release|Any CPU.Build.0 = Release|Any CPU
		{175D0675-EB13-4EE8-A6D1-2351D7D1EBEE}.Debug|Any CPU.ActiveCfg = Debug|Any CPU
		{175D0675-EB13-4EE8-A6D1-2351D7D1EBEE}.Debug|Any CPU.Build.0 = Debug|Any CPU
		{175D0675-EB13-4EE8-A6D1-2351D7D1EBEE}.Release|Any CPU.ActiveCfg = Release|Any CPU
		{175D0675-EB13-4EE8-A6D1-2351D7D1EBEE}.Release|Any CPU.Build.0 = Release|Any CPU
		{5335FB0C-63E7-41E1-9C84-4EEDFE53CC27}.Debug|Any CPU.ActiveCfg = Debug|Any CPU
		{5335FB0C-63E7-41E1-9C84-4EEDFE53CC27}.Debug|Any CPU.Build.0 = Debug|Any CPU
		{5335FB0C-63E7-41E1-9C84-4EEDFE53CC27}.Release|Any CPU.ActiveCfg = Release|Any CPU
		{5335FB0C-63E7-41E1-9C84-4EEDFE53CC27}.Release|Any CPU.Build.0 = Release|Any CPU
	EndGlobalSection
EndGlobal
